
Microsoft Visual Studio Solution File, Format Version 12.00
# Visual Studio 15
VisualStudioVersion = 15.0.26730.15
MinimumVisualStudioVersion = 10.0.40219.1
Project("{8BC9CEB8-8B4A-11D0-8D11-00A0C91BC942}") = "RenderingPlugin", "RenderingPlugin.vcxproj", "{F7CFEF5A-54BD-42E8-A59E-54ABAEB4EA9C}"
EndProject
Global
	GlobalSection(SolutionConfigurationPlatforms) = preSolution
		Debug|x64 = Debug|x64
		Release|x64 = Release|x64
	EndGlobalSection
	GlobalSection(ProjectConfigurationPlatforms) = postSolution
		{F7CFEF5A-54BD-42E8-A59E-54ABAEB4EA9C}.Debug|x64.ActiveCfg = Debug|x64
		{F7CFEF5A-54BD-42E8-A59E-54ABAEB4EA9C}.Debug|x64.Build.0 = Debug|x64
		{F7CFEF5A-54BD-42E8-A59E-54ABAEB4EA9C}.Release|x64.ActiveCfg = Release|x64
		{F7CFEF5A-54BD-42E8-A59E-54ABAEB4EA9C}.Release|x64.Build.0 = Release|x64
	EndGlobalSection
	GlobalSection(SolutionProperties) = preSolution
		HideSolutionNode = FALSE
	EndGlobalSection
	GlobalSection(ExtensibilityGlobals) = postSolution
		SolutionGuid = {D8C17EA2-DD53-4B6D-B4FB-7E7D0385E3A5}
	EndGlobalSection
EndGlobal
